
Microsoft Visual Studio Solution File, Format Version 12.00
# Visual Studio Version 17
VisualStudioVersion = 17.6.33801.468
MinimumVisualStudioVersion = 10.0.40219.1
Project("{FAE04EC0-301F-11D3-BF4B-00C04F79EFBC}") = "DataStructres_ArmanSahota", "DataStructres_ArmanSahota.csproj", "{94E2CFFF-018C-4C51-BF23-C3FF53D936B5}"
EndProject
Global
	GlobalSection(SolutionConfigurationPlatforms) = preSolution
		Debug|Any CPU = Debug|Any CPU
		Release|Any CPU = Release|Any CPU
	EndGlobalSection
	GlobalSection(ProjectConfigurationPlatforms) = postSolution
		{94E2CFFF-018C-4C51-BF23-C3FF53D936B5}.Debug|Any CPU.ActiveCfg = Debug|Any CPU
		{94E2CFFF-018C-4C51-BF23-C3FF53D936B5}.Debug|Any CPU.Build.0 = Debug|Any CPU
		{94E2CFFF-018C-4C51-BF23-C3FF53D936B5}.Release|Any CPU.ActiveCfg = Release|Any CPU
		{94E2CFFF-018C-4C51-BF23-C3FF53D936B5}.Release|Any CPU.Build.0 = Release|Any CPU
	EndGlobalSection
	GlobalSection(SolutionProperties) = preSolution
		HideSolutionNode = FALSE
	EndGlobalSection
	GlobalSection(ExtensibilityGlobals) = postSolution
		SolutionGuid = {000A8573-F18D-4E57-80F0-D5D1DFAEAF9B}
	EndGlobalSection
EndGlobal
